
Microsoft Visual Studio Solution File, Format Version 11.00
# Visual Studio 2010
Project("{8BC9CEB8-8B4A-11D0-8D11-00A0C91BC942}") = "HiddenMarkovModel", "HiddenMarkovModel\HiddenMarkovModel.vcxproj", "{B27DFC5D-4ADA-4A2D-B494-937FAAED5916}"
EndProject
Global
	GlobalSection(SolutionConfigurationPlatforms) = preSolution
		Debug|Win32 = Debug|Win32
		Release|Win32 = Release|Win32
	EndGlobalSection
	GlobalSection(ProjectConfigurationPlatforms) = postSolution
		{B27DFC5D-4ADA-4A2D-B494-937FAAED5916}.Debug|Win32.ActiveCfg = Debug|Win32
		{B27DFC5D-4ADA-4A2D-B494-937FAAED5916}.Debug|Win32.Build.0 = Debug|Win32
		{B27DFC5D-4ADA-4A2D-B494-937FAAED5916}.Release|Win32.ActiveCfg = Release|Win32
		{B27DFC5D-4ADA-4A2D-B494-937FAAED5916}.Release|Win32.Build.0 = Release|Win32
	EndGlobalSection
	GlobalSection(SolutionProperties) = preSolution
		HideSolutionNode = FALSE
	EndGlobalSection
EndGlobal
